# generated by scripts/microros-pin.sh -- do not edit by hand
# workspace path url branch sha
dev src/ament_cmake https://github.com/ament/ament_cmake humble 8289d61973f27e66930e0b656e67e12fa1d394cb
dev src/ament_lint https://github.com/ament/ament_lint humble a8b535a6d073233fc95b87c3ac4bcb1913a3b046
dev src/ament_package https://github.com/ament/ament_package humble 3c8a92b4dda05be83f6e8e879c70f219180e1384
dev src/googletest https://github.com/ament/googletest humble 083afd688a0d14239a831e1734e66a15664389c1
dev src/ament_cmake_ros https://github.com/ros2/ament_cmake_ros humble 8ca65783d089348f9138574fb1eff4e20026eea5
dev src/ament_index https://github.com/ament/ament_index humble ae673e815cae9413cfbf4cab6e91a9c1c73c84ef
ertps src/embeddedRTPS https://github.com/micro-ROS/embeddedRTPS humble 59e8343dc718df5c474d8ed3feb74781663e4935
ertps src/rmw_embeddedrtps https://github.com/micro-ROS/rmw_embeddedrtps humble 07d56033fdf461aef3b0349586ef14635876f98f
src src/Micro-XRCE-DDS-Client https://github.com/eProsima/Micro-XRCE-DDS-Client ros2 83f129a80770a09aac9e823896ecbf6a0eddf0fc
src src/rmw_microxrcedds https://github.com/micro-ROS/rmw_microxrcedds humble 34382cad8737138120a6b718730cf73fa8522d57
src src/micro-CDR https://github.com/eProsima/micro-CDR ros2 ed4fd513a24a53b93d548d342cb7aa0a18716f04
src src/rcl https://github.com/micro-ROS/rcl humble 600a79c43c028b3659394f12620d67d03915724a
src src/rclc https://github.com/ros2/rclc humble 10eadcc6444a3af3b21e7fb80a626f8c391450e0
src src/rcutils https://github.com/micro-ROS/rcutils humble 7cf6c1859360d75ab3b179d7021a99aed5e23188
src src/micro_ros_msgs https://github.com/micro-ROS/micro_ros_msgs humble c9062eb3860d16c1bff1423923de3b0956fd4734
src src/rosidl_typesupport https://github.com/micro-ROS/rosidl_typesupport humble 520d9243f17e0cfe53c658b8051ebe2f89ad7c68
src src/rosidl_typesupport_microxrcedds https://github.com/micro-ROS/rosidl_typesupport_microxrcedds humble 68b96291bca436243c9f3f9b054e5e117e58f8f7
src src/rosidl https://github.com/ros2/rosidl humble 5621b26eff54596a356ad8abd72c06e7650d21f7
src src/rmw https://github.com/ros2/rmw humble 566d17a97e87bc5336ce33fb025ce8e952a3326a
src src/rcl_interfaces https://github.com/ros2/rcl_interfaces humble 82776fc9068d1e0cd4af11c2e2700195994b2eb1
src src/rosidl_defaults https://github.com/ros2/rosidl_defaults humble 8266f1c0f062d405595570209cfb0ed3f71684ae
src src/unique_identifier_msgs https://github.com/ros2/unique_identifier_msgs humble 27767cefcf8a80da44641dc208c57722c28aa11c
src src/common_interfaces https://github.com/ros2/common_interfaces humble 08434490d3e4abd37ccc5462cdde69b88853b5b8
src src/example_interfaces https://github.com/ros2/example_interfaces galactic ae3df08ac12cea293f53520c7c7dc67cb0cf5355
src src/test_interface_files https://github.com/ros2/test_interface_files humble a0c8f5e338490ddf8b98238dce35c06810115e8b
src src/rmw_implementation https://github.com/ros2/rmw_implementation humble 0fd2967b217afef2d45fbab550b598c70444a0aa
src src/rcl_logging https://github.com/ros2/rcl_logging humble 5bab8cf7a19c466de77aee35fa55778298563c57
src src/ros2_tracing https://gitlab.com/ros-tracing/ros2_tracing humble 548634dd2837d65c043436c8186614e924be5c6c
src src/micro_ros_utilities https://github.com/micro-ROS/micro_ros_utilities humble 4827e1b83239c7c0a3ee569ad3a2bc24b06920b1
